
Microsoft Visual Studio Solution File, Format Version 12.00
# Visual Studio Version 17
VisualStudioVersion = 17.6.33829.357
MinimumVisualStudioVersion = 10.0.40219.1
Project("{FAE04EC0-301F-11D3-BF4B-00C04F79EFBC}") = "Without_ISP", "Without_ISP\Without_ISP.csproj", "{C21CCAAB-84D8-4D7D-8CCF-EE6BA8F33DF3}"
EndProject
Project("{FAE04EC0-301F-11D3-BF4B-00C04F79EFBC}") = "With_ISP", "With_ISP\With_ISP.csproj", "{C17A4935-80EF-4560-8D0D-8031BC7D9315}"
EndProject
Global
	GlobalSection(SolutionConfigurationPlatforms) = preSolution
		Debug|Any CPU = Debug|Any CPU
		Release|Any CPU = Release|Any CPU
	EndGlobalSection
	GlobalSection(ProjectConfigurationPlatforms) = postSolution
		{C21CCAAB-84D8-4D7D-8CCF-EE6BA8F33DF3}.Debug|Any CPU.ActiveCfg = Debug|Any CPU
		{C21CCAAB-84D8-4D7D-8CCF-EE6BA8F33DF3}.Debug|Any CPU.Build.0 = Debug|Any CPU
		{C21CCAAB-84D8-4D7D-8CCF-EE6BA8F33DF3}.Release|Any CPU.ActiveCfg = Release|Any CPU
		{C21CCAAB-84D8-4D7D-8CCF-EE6BA8F33DF3}.Release|Any CPU.Build.0 = Release|Any CPU
		{C17A4935-80EF-4560-8D0D-8031BC7D9315}.Debug|Any CPU.ActiveCfg = Debug|Any CPU
		{C17A4935-80EF-4560-8D0D-8031BC7D9315}.Debug|Any CPU.Build.0 = Debug|Any CPU
		{C17A4935-80EF-4560-8D0D-8031BC7D9315}.Release|Any CPU.ActiveCfg = Release|Any CPU
		{C17A4935-80EF-4560-8D0D-8031BC7D9315}.Release|Any CPU.Build.0 = Release|Any CPU
	EndGlobalSection
	GlobalSection(SolutionProperties) = preSolution
		HideSolutionNode = FALSE
	EndGlobalSection
	GlobalSection(ExtensibilityGlobals) = postSolution
		SolutionGuid = {BBB3D769-298B-4EEB-A9F3-ED6F6951D3C7}
	EndGlobalSection
EndGlobal
